<?xml version="1.0" encoding="utf-8"?>
<Project ToolsVersion="4.0" xmlns="http://schemas.microsoft.com/developer/msbuild/2003">
  <ItemGroup>
    <Filter Include="Source Files">
      <UniqueIdentifier>{4FC737F1-C7A5-4376-A066-2A32D752A2FF}</UniqueIdentifier>
      <Extensions>cpp;c;cc;cxx;def;odl;idl;hpj;bat;asm;asmx</Extensions>
    </Filter>
    <Filter Include="Header Files">
      <UniqueIdentifier>{93995380-89BD-4b04-88EB-625FBE52EBFB}</UniqueIdentifier>
      <Extensions>h;hpp;hxx;hm;inl;inc;xsd</Extensions>
    </Filter>
    <Filter Include="Resource Files">
      <UniqueIdentifier>{67DA6AB6-F800-4c08-8B7A-83BB121AAD01}</UniqueIdentifier>
      <Extensions>rc;ico;cur;bmp;dlg;rc2;rct;bin;rgs;gif;jpg;jpeg;jpe;resx;tiff;tif;png;wav;mfcribbon-ms</Extensions>
    </Filter>
  </ItemGroup>
  <ItemGroup>
    <ClInclude Include="..\..\elsa\ast_build.h">
      <Filter>Header Files</Filter>
    </ClInclude>
    <ClInclude Include="..\..\elsa\astvisit.h">
      <Filter>Header Files</Filter>
    </ClInclude>
    <ClInclude Include="..\..\elsa\baselexer.h">
      <Filter>Header Files</Filter>
    </ClInclude>
    <ClInclude Include="..\..\elsa\bitstrmap.h">
      <Filter>Header Files</Filter>
    </ClInclude>
    <ClInclude Include="..\..\elsa\bpprint.h">
      <Filter>Header Files</Filter>
    </ClInclude>
    <ClInclude Include="..\..\elsa\builtin-declarations.h">
      <Filter>Header Files</Filter>
    </ClInclude>
    <ClInclude Include="..\..\elsa\builtinops.h">
      <Filter>Header Files</Filter>
    </ClInclude>
    <ClInclude Include="..\..\elsa\builtin-t.h">
      <Filter>Header Files</Filter>
    </ClInclude>
    <ClInclude Include="..\..\elsa\cc2c.h">
      <Filter>Header Files</Filter>
    </ClInclude>
    <ClInclude Include="..\..\elsa\cc_ast.h">
      <Filter>Header Files</Filter>
    </ClInclude>
    <ClInclude Include="..\..\elsa\cc_ast_aux.h">
      <Filter>Header Files</Filter>
    </ClInclude>
    <ClInclude Include="..\..\elsa\cc_elaborate.h">
      <Filter>Header Files</Filter>
    </ClInclude>
    <ClInclude Include="..\..\elsa\cc_env.h">
      <Filter>Header Files</Filter>
    </ClInclude>
    <ClInclude Include="..\..\elsa\cc_err.h">
      <Filter>Header Files</Filter>
    </ClInclude>
    <ClInclude Include="..\..\elsa\cc_flags.h">
      <Filter>Header Files</Filter>
    </ClInclude>
    <ClInclude Include="..\..\elsa\cc_lang.h">
      <Filter>Header Files</Filter>
    </ClInclude>
    <ClInclude Include="..\..\elsa\cc_print.h">
      <Filter>Header Files</Filter>
    </ClInclude>
    <ClInclude Include="..\..\elsa\cc_scope.h">
      <Filter>Header Files</Filter>
    </ClInclude>
    <ClInclude Include="..\..\elsa\cc_type.h">
      <Filter>Header Files</Filter>
    </ClInclude>
    <ClInclude Include="..\..\elsa\ccparse.h">
      <Filter>Header Files</Filter>
    </ClInclude>
    <ClInclude Include="..\..\elsa\cfg.h">
      <Filter>Header Files</Filter>
    </ClInclude>
    <ClInclude Include="..\..\elsa\const_eval.h">
      <Filter>Header Files</Filter>
    </ClInclude>
    <ClInclude Include="..\..\elsa\cppundolog.h">
      <Filter>Header Files</Filter>
    </ClInclude>
    <ClInclude Include="..\..\elsa\exprloc.h">
      <Filter>Header Files</Filter>
    </ClInclude>
    <ClInclude Include="..\..\elsa\generic_amb.h">
      <Filter>Header Files</Filter>
    </ClInclude>
    <ClInclude Include="..\..\elsa\generic_aux.h">
      <Filter>Header Files</Filter>
    </ClInclude>
    <ClInclude Include="..\..\elsa\ia64mangle.h">
      <Filter>Header Files</Filter>
    </ClInclude>
    <ClInclude Include="..\..\elsa\id_obj_dict.h">
      <Filter>Header Files</Filter>
    </ClInclude>
    <ClInclude Include="..\..\elsa\implconv.h">
      <Filter>Header Files</Filter>
    </ClInclude>
    <ClInclude Include="..\..\elsa\implint.h">
      <Filter>Header Files</Filter>
    </ClInclude>
    <ClInclude Include="..\..\elsa\integrity.h">
      <Filter>Header Files</Filter>
    </ClInclude>
    <ClInclude Include="..\..\elsa\iptparse.h">
      <Filter>Header Files</Filter>
    </ClInclude>
    <ClInclude Include="..\..\elsa\iptree.h">
      <Filter>Header Files</Filter>
    </ClInclude>
    <ClInclude Include="..\..\elsa\kandr.h">
      <Filter>Header Files</Filter>
    </ClInclude>
    <ClInclude Include="..\..\elsa\lexer.h">
      <Filter>Header Files</Filter>
    </ClInclude>
    <ClInclude Include="..\..\elsa\lookupset.h">
      <Filter>Header Files</Filter>
    </ClInclude>
    <ClInclude Include="..\..\elsa\mangle.h">
      <Filter>Header Files</Filter>
    </ClInclude>
    <ClInclude Include="..\..\elsa\mflags.h">
      <Filter>Header Files</Filter>
    </ClInclude>
    <ClInclude Include="..\..\elsa\mtype.h">
      <Filter>Header Files</Filter>
    </ClInclude>
    <ClInclude Include="..\..\elsa\overload.h">
      <Filter>Header Files</Filter>
    </ClInclude>
    <ClInclude Include="..\..\elsa\packedword.h">
      <Filter>Header Files</Filter>
    </ClInclude>
    <ClInclude Include="..\..\elsa\parssppt.h">
      <Filter>Header Files</Filter>
    </ClInclude>
    <ClInclude Include="..\..\elsa\serialno.h">
      <Filter>Header Files</Filter>
    </ClInclude>
    <ClInclude Include="..\..\elsa\smin.h">
      <Filter>Header Files</Filter>
    </ClInclude>
    <ClInclude Include="..\..\elsa\sprint.h">
      <Filter>Header Files</Filter>
    </ClInclude>
    <ClInclude Include="..\..\elsa\stdconv.h">
      <Filter>Header Files</Filter>
    </ClInclude>
    <ClInclude Include="..\..\elsa\strmap.h">
      <Filter>Header Files</Filter>
    </ClInclude>
    <ClInclude Include="..\..\elsa\template.h">
      <Filter>Header Files</Filter>
    </ClInclude>
    <ClInclude Include="..\..\elsa\typelistiter.h">
      <Filter>Header Files</Filter>
    </ClInclude>
    <ClInclude Include="..\..\elsa\variable.h">
      <Filter>Header Files</Filter>
    </ClInclude>
    <ClInclude Include="..\..\elsa\xml_ast_reader.h">
      <Filter>Header Files</Filter>
    </ClInclude>
    <ClInclude Include="..\..\elsa\xml_do_read.h">
      <Filter>Header Files</Filter>
    </ClInclude>
    <ClInclude Include="..\..\elsa\xml_enum.h">
      <Filter>Header Files</Filter>
    </ClInclude>
    <ClInclude Include="..\..\elsa\xml_file_reader.h">
      <Filter>Header Files</Filter>
    </ClInclude>
    <ClInclude Include="..\..\elsa\xml_file_writer.h">
      <Filter>Header Files</Filter>
    </ClInclude>
    <ClInclude Include="..\..\elsa\xml_lex_extra.h">
      <Filter>Header Files</Filter>
    </ClInclude>
    <ClInclude Include="..\..\elsa\xml_lexer.h">
      <Filter>Header Files</Filter>
    </ClInclude>
    <ClInclude Include="..\..\elsa\xml_reader.h">
      <Filter>Header Files</Filter>
    </ClInclude>
    <ClInclude Include="..\..\elsa\xml_type_id.h">
      <Filter>Header Files</Filter>
    </ClInclude>
    <ClInclude Include="..\..\elsa\xml_type_reader.h">
      <Filter>Header Files</Filter>
    </ClInclude>
    <ClInclude Include="..\..\elsa\xml_type_writer.h">
      <Filter>Header Files</Filter>
    </ClInclude>
    <ClInclude Include="..\..\elsa\xml_writer.h">
      <Filter>Header Files</Filter>
    </ClInclude>
  </ItemGroup>
  <ItemGroup>
    <ClCompile Include="..\..\elsa\main.cc">
      <Filter>Source Files</Filter>
    </ClCompile>
  </ItemGroup>
</Project>