
Microsoft Visual Studio Solution File, Format Version 11.00
# Visual Studio 2010
Project("{8BC9CEB8-8B4A-11D0-8D11-00A0C91BC942}") = "elsa", "elsa\elsa.vcxproj", "{AC4A50C7-3AD7-4562-A7EF-7FFF3AE1E444}"
	ProjectSection(ProjectDependencies) = postProject
		{82312EB8-72EB-4AF9-8752-E5386F492F64} = {82312EB8-72EB-4AF9-8752-E5386F492F64}
	EndProjectSection
EndProject
Project("{8BC9CEB8-8B4A-11D0-8D11-00A0C91BC942}") = "ast", "ast\ast.vcxproj", "{6E22120F-CBF0-4B87-B4EA-EAADEF68FC27}"
	ProjectSection(ProjectDependencies) = postProject
		{B03DE765-BBA3-4699-995F-21C1634D1C0D} = {B03DE765-BBA3-4699-995F-21C1634D1C0D}
		{88B6C267-30E5-4737-88C0-DAF3C055FBE3} = {88B6C267-30E5-4737-88C0-DAF3C055FBE3}
		{3C4042BA-A0C8-44C0-824B-9ACDA3626505} = {3C4042BA-A0C8-44C0-824B-9ACDA3626505}
	EndProjectSection
EndProject
Project("{8BC9CEB8-8B4A-11D0-8D11-00A0C91BC942}") = "ast-lib", "ast-lib\ast-lib.vcxproj", "{88B6C267-30E5-4737-88C0-DAF3C055FBE3}"
	ProjectSection(ProjectDependencies) = postProject
		{B03DE765-BBA3-4699-995F-21C1634D1C0D} = {B03DE765-BBA3-4699-995F-21C1634D1C0D}
		{3C4042BA-A0C8-44C0-824B-9ACDA3626505} = {3C4042BA-A0C8-44C0-824B-9ACDA3626505}
	EndProjectSection
EndProject
Project("{8BC9CEB8-8B4A-11D0-8D11-00A0C91BC942}") = "ast-hand-boot", "ast-hand-boot\ast-hand-boot.vcxproj", "{96F84F35-2896-4141-849A-0EFBF410053D}"
	ProjectSection(ProjectDependencies) = postProject
		{3C4042BA-A0C8-44C0-824B-9ACDA3626505} = {3C4042BA-A0C8-44C0-824B-9ACDA3626505}
	EndProjectSection
EndProject
Project("{8BC9CEB8-8B4A-11D0-8D11-00A0C91BC942}") = "smbase", "smbase\smbase.vcxproj", "{3C4042BA-A0C8-44C0-824B-9ACDA3626505}"
EndProject
Project("{8BC9CEB8-8B4A-11D0-8D11-00A0C91BC942}") = "elkhound", "elkhound\elkhound.vcxproj", "{945ABB9D-66F5-448A-968B-74930056957B}"
	ProjectSection(ProjectDependencies) = postProject
		{6E22120F-CBF0-4B87-B4EA-EAADEF68FC27} = {6E22120F-CBF0-4B87-B4EA-EAADEF68FC27}
		{C0008322-B2C8-45EF-86A8-23CFDCB093F8} = {C0008322-B2C8-45EF-86A8-23CFDCB093F8}
		{88B6C267-30E5-4737-88C0-DAF3C055FBE3} = {88B6C267-30E5-4737-88C0-DAF3C055FBE3}
		{3C4042BA-A0C8-44C0-824B-9ACDA3626505} = {3C4042BA-A0C8-44C0-824B-9ACDA3626505}
	EndProjectSection
EndProject
Project("{8BC9CEB8-8B4A-11D0-8D11-00A0C91BC942}") = "elkhound-lib", "elkhound-lib\elkhound-lib.vcxproj", "{C0008322-B2C8-45EF-86A8-23CFDCB093F8}"
	ProjectSection(ProjectDependencies) = postProject
		{6E22120F-CBF0-4B87-B4EA-EAADEF68FC27} = {6E22120F-CBF0-4B87-B4EA-EAADEF68FC27}
		{3C4042BA-A0C8-44C0-824B-9ACDA3626505} = {3C4042BA-A0C8-44C0-824B-9ACDA3626505}
	EndProjectSection
EndProject
Project("{8BC9CEB8-8B4A-11D0-8D11-00A0C91BC942}") = "elsa-lib", "elsa-lib\elsa-lib.vcxproj", "{82312EB8-72EB-4AF9-8752-E5386F492F64}"
	ProjectSection(ProjectDependencies) = postProject
		{C0008322-B2C8-45EF-86A8-23CFDCB093F8} = {C0008322-B2C8-45EF-86A8-23CFDCB093F8}
		{945ABB9D-66F5-448A-968B-74930056957B} = {945ABB9D-66F5-448A-968B-74930056957B}
	EndProjectSection
EndProject
Project("{8BC9CEB8-8B4A-11D0-8D11-00A0C91BC942}") = "ast-boot", "ast-boot\ast-boot.vcxproj", "{B03DE765-BBA3-4699-995F-21C1634D1C0D}"
	ProjectSection(ProjectDependencies) = postProject
		{96F84F35-2896-4141-849A-0EFBF410053D} = {96F84F35-2896-4141-849A-0EFBF410053D}
		{3C4042BA-A0C8-44C0-824B-9ACDA3626505} = {3C4042BA-A0C8-44C0-824B-9ACDA3626505}
	EndProjectSection
EndProject
Global
	GlobalSection(SolutionConfigurationPlatforms) = preSolution
		Debug|Win32 = Debug|Win32
		Release|Win32 = Release|Win32
	EndGlobalSection
	GlobalSection(ProjectConfigurationPlatforms) = postSolution
		{AC4A50C7-3AD7-4562-A7EF-7FFF3AE1E444}.Debug|Win32.ActiveCfg = Debug|Win32
		{AC4A50C7-3AD7-4562-A7EF-7FFF3AE1E444}.Debug|Win32.Build.0 = Debug|Win32
		{AC4A50C7-3AD7-4562-A7EF-7FFF3AE1E444}.Release|Win32.ActiveCfg = Release|Win32
		{AC4A50C7-3AD7-4562-A7EF-7FFF3AE1E444}.Release|Win32.Build.0 = Release|Win32
		{6E22120F-CBF0-4B87-B4EA-EAADEF68FC27}.Debug|Win32.ActiveCfg = Debug|Win32
		{6E22120F-CBF0-4B87-B4EA-EAADEF68FC27}.Debug|Win32.Build.0 = Debug|Win32
		{6E22120F-CBF0-4B87-B4EA-EAADEF68FC27}.Release|Win32.ActiveCfg = Release|Win32
		{6E22120F-CBF0-4B87-B4EA-EAADEF68FC27}.Release|Win32.Build.0 = Release|Win32
		{88B6C267-30E5-4737-88C0-DAF3C055FBE3}.Debug|Win32.ActiveCfg = Debug|Win32
		{88B6C267-30E5-4737-88C0-DAF3C055FBE3}.Debug|Win32.Build.0 = Debug|Win32
		{88B6C267-30E5-4737-88C0-DAF3C055FBE3}.Release|Win32.ActiveCfg = Release|Win32
		{88B6C267-30E5-4737-88C0-DAF3C055FBE3}.Release|Win32.Build.0 = Release|Win32
		{96F84F35-2896-4141-849A-0EFBF410053D}.Debug|Win32.ActiveCfg = Debug|Win32
		{96F84F35-2896-4141-849A-0EFBF410053D}.Debug|Win32.Build.0 = Debug|Win32
		{96F84F35-2896-4141-849A-0EFBF410053D}.Release|Win32.ActiveCfg = Release|Win32
		{96F84F35-2896-4141-849A-0EFBF410053D}.Release|Win32.Build.0 = Release|Win32
		{3C4042BA-A0C8-44C0-824B-9ACDA3626505}.Debug|Win32.ActiveCfg = Debug|Win32
		{3C4042BA-A0C8-44C0-824B-9ACDA3626505}.Debug|Win32.Build.0 = Debug|Win32
		{3C4042BA-A0C8-44C0-824B-9ACDA3626505}.Release|Win32.ActiveCfg = Release|Win32
		{3C4042BA-A0C8-44C0-824B-9ACDA3626505}.Release|Win32.Build.0 = Release|Win32
		{945ABB9D-66F5-448A-968B-74930056957B}.Debug|Win32.ActiveCfg = Debug|Win32
		{945ABB9D-66F5-448A-968B-74930056957B}.Debug|Win32.Build.0 = Debug|Win32
		{945ABB9D-66F5-448A-968B-74930056957B}.Release|Win32.ActiveCfg = Release|Win32
		{945ABB9D-66F5-448A-968B-74930056957B}.Release|Win32.Build.0 = Release|Win32
		{C0008322-B2C8-45EF-86A8-23CFDCB093F8}.Debug|Win32.ActiveCfg = Debug|Win32
		{C0008322-B2C8-45EF-86A8-23CFDCB093F8}.Debug|Win32.Build.0 = Debug|Win32
		{C0008322-B2C8-45EF-86A8-23CFDCB093F8}.Release|Win32.ActiveCfg = Release|Win32
		{C0008322-B2C8-45EF-86A8-23CFDCB093F8}.Release|Win32.Build.0 = Release|Win32
		{82312EB8-72EB-4AF9-8752-E5386F492F64}.Debug|Win32.ActiveCfg = Debug|Win32
		{82312EB8-72EB-4AF9-8752-E5386F492F64}.Debug|Win32.Build.0 = Debug|Win32
		{82312EB8-72EB-4AF9-8752-E5386F492F64}.Release|Win32.ActiveCfg = Release|Win32
		{82312EB8-72EB-4AF9-8752-E5386F492F64}.Release|Win32.Build.0 = Release|Win32
		{B03DE765-BBA3-4699-995F-21C1634D1C0D}.Debug|Win32.ActiveCfg = Debug|Win32
		{B03DE765-BBA3-4699-995F-21C1634D1C0D}.Debug|Win32.Build.0 = Debug|Win32
		{B03DE765-BBA3-4699-995F-21C1634D1C0D}.Release|Win32.ActiveCfg = Release|Win32
		{B03DE765-BBA3-4699-995F-21C1634D1C0D}.Release|Win32.Build.0 = Release|Win32
	EndGlobalSection
	GlobalSection(SolutionProperties) = preSolution
		HideSolutionNode = FALSE
	EndGlobalSection
EndGlobal
