<?xml version="1.0" encoding="utf-8"?>
<Project ToolsVersion="4.0" xmlns="http://schemas.microsoft.com/developer/msbuild/2003">
  <ItemGroup>
    <Filter Include="Source Files">
      <UniqueIdentifier>{4FC737F1-C7A5-4376-A066-2A32D752A2FF}</UniqueIdentifier>
      <Extensions>cpp;c;cc;cxx;def;odl;idl;hpj;bat;asm;asmx</Extensions>
    </Filter>
    <Filter Include="Header Files">
      <UniqueIdentifier>{93995380-89BD-4b04-88EB-625FBE52EBFB}</UniqueIdentifier>
      <Extensions>h;hpp;hxx;hm;inl;inc;xsd</Extensions>
    </Filter>
    <Filter Include="Resource Files">
      <UniqueIdentifier>{67DA6AB6-F800-4c08-8B7A-83BB121AAD01}</UniqueIdentifier>
      <Extensions>rc;ico;cur;bmp;dlg;rc2;rct;bin;rgs;gif;jpg;jpeg;jpe;resx;tiff;tif;png;wav;mfcribbon-ms</Extensions>
    </Filter>
    <Filter Include="Generated Files">
      <UniqueIdentifier>{92730e5b-1aeb-4cdb-9947-330078ccf056}</UniqueIdentifier>
    </Filter>
  </ItemGroup>
  <ItemGroup>
    <None Include="ReadMe.txt" />
  </ItemGroup>
  <ItemGroup>
    <ClCompile Include="..\..\elsa\ast_build.cc">
      <Filter>Source Files</Filter>
    </ClCompile>
    <ClCompile Include="..\..\elsa\astvisit.cc">
      <Filter>Source Files</Filter>
    </ClCompile>
    <ClCompile Include="..\..\elsa\baselexer.cc">
      <Filter>Source Files</Filter>
    </ClCompile>
    <ClCompile Include="..\..\elsa\bpprint.cc">
      <Filter>Source Files</Filter>
    </ClCompile>
    <ClCompile Include="..\..\elsa\builtinops.cc">
      <Filter>Source Files</Filter>
    </ClCompile>
    <ClCompile Include="..\..\elsa\cc2c.cc">
      <Filter>Source Files</Filter>
    </ClCompile>
    <ClCompile Include="..\..\elsa\cc_ast_aux.cc">
      <Filter>Source Files</Filter>
    </ClCompile>
    <ClCompile Include="..\..\elsa\cc_elaborate.cc">
      <Filter>Source Files</Filter>
    </ClCompile>
    <ClCompile Include="..\..\elsa\cc_env.cc">
      <Filter>Source Files</Filter>
    </ClCompile>
    <ClCompile Include="..\..\elsa\cc_err.cc">
      <Filter>Source Files</Filter>
    </ClCompile>
    <ClCompile Include="..\..\elsa\cc_flags.cc">
      <Filter>Source Files</Filter>
    </ClCompile>
    <ClCompile Include="..\..\elsa\cc_lang.cc">
      <Filter>Source Files</Filter>
    </ClCompile>
    <ClCompile Include="..\..\elsa\cc_print.cc">
      <Filter>Source Files</Filter>
    </ClCompile>
    <ClCompile Include="..\..\elsa\cc_scope.cc">
      <Filter>Source Files</Filter>
    </ClCompile>
    <ClCompile Include="..\..\elsa\cc_tcheck.cc">
      <Filter>Source Files</Filter>
    </ClCompile>
    <ClCompile Include="..\..\elsa\cc_type.cc">
      <Filter>Source Files</Filter>
    </ClCompile>
    <ClCompile Include="..\..\elsa\ccparse.cc">
      <Filter>Source Files</Filter>
    </ClCompile>
    <ClCompile Include="..\..\elsa\cfg.cc">
      <Filter>Source Files</Filter>
    </ClCompile>
    <ClCompile Include="..\..\elsa\const_eval.cc">
      <Filter>Source Files</Filter>
    </ClCompile>
    <ClCompile Include="..\..\elsa\cppundolog.cc">
      <Filter>Source Files</Filter>
    </ClCompile>
    <ClCompile Include="..\..\elsa\gnu.cc">
      <Filter>Source Files</Filter>
    </ClCompile>
    <ClCompile Include="..\..\elsa\ia64mangle.cc">
      <Filter>Source Files</Filter>
    </ClCompile>
    <ClCompile Include="..\..\elsa\id_obj_dict.cc">
      <Filter>Source Files</Filter>
    </ClCompile>
    <ClCompile Include="..\..\elsa\implconv.cc">
      <Filter>Source Files</Filter>
    </ClCompile>
    <ClCompile Include="..\..\elsa\implint.cc">
      <Filter>Source Files</Filter>
    </ClCompile>
    <ClCompile Include="..\..\elsa\integrity.cc">
      <Filter>Source Files</Filter>
    </ClCompile>
    <ClCompile Include="..\..\elsa\iptparse.cc">
      <Filter>Source Files</Filter>
    </ClCompile>
    <ClCompile Include="..\..\elsa\iptree.cc">
      <Filter>Source Files</Filter>
    </ClCompile>
    <ClCompile Include="..\..\elsa\kandr.cc">
      <Filter>Source Files</Filter>
    </ClCompile>
    <ClCompile Include="..\..\elsa\lexer.cc">
      <Filter>Source Files</Filter>
    </ClCompile>
    <ClCompile Include="..\..\elsa\lookupset.cc">
      <Filter>Source Files</Filter>
    </ClCompile>
    <ClCompile Include="..\..\elsa\main.cc">
      <Filter>Source Files</Filter>
    </ClCompile>
    <ClCompile Include="..\..\elsa\mangle.cc">
      <Filter>Source Files</Filter>
    </ClCompile>
    <ClCompile Include="..\..\elsa\mtype.cc">
      <Filter>Source Files</Filter>
    </ClCompile>
    <ClCompile Include="..\..\elsa\notopt.cc">
      <Filter>Source Files</Filter>
    </ClCompile>
    <ClCompile Include="..\..\elsa\overload.cc">
      <Filter>Source Files</Filter>
    </ClCompile>
    <ClCompile Include="..\..\elsa\packedword_test.cc">
      <Filter>Source Files</Filter>
    </ClCompile>
    <ClCompile Include="..\..\elsa\parssppt.cc">
      <Filter>Source Files</Filter>
    </ClCompile>
    <ClCompile Include="..\..\elsa\semgrep.cc">
      <Filter>Source Files</Filter>
    </ClCompile>
    <ClCompile Include="..\..\elsa\serialno.cc">
      <Filter>Source Files</Filter>
    </ClCompile>
    <ClCompile Include="..\..\elsa\smin.cc">
      <Filter>Source Files</Filter>
    </ClCompile>
    <ClCompile Include="..\..\elsa\sprint.cc">
      <Filter>Source Files</Filter>
    </ClCompile>
    <ClCompile Include="..\..\elsa\stdconv.cc">
      <Filter>Source Files</Filter>
    </ClCompile>
    <ClCompile Include="..\..\elsa\template.cc">
      <Filter>Source Files</Filter>
    </ClCompile>
    <ClCompile Include="..\..\elsa\tlexer.cc">
      <Filter>Source Files</Filter>
    </ClCompile>
    <ClCompile Include="..\..\elsa\typelistiter.cc">
      <Filter>Source Files</Filter>
    </ClCompile>
    <ClCompile Include="..\..\elsa\variable.cc">
      <Filter>Source Files</Filter>
    </ClCompile>
    <ClCompile Include="..\..\elsa\xml_ast_reader.cc">
      <Filter>Source Files</Filter>
    </ClCompile>
    <ClCompile Include="..\..\elsa\xml_do_read.cc">
      <Filter>Source Files</Filter>
    </ClCompile>
    <ClCompile Include="..\..\elsa\xml_file_reader.cc">
      <Filter>Source Files</Filter>
    </ClCompile>
    <ClCompile Include="..\..\elsa\xml_file_writer.cc">
      <Filter>Source Files</Filter>
    </ClCompile>
    <ClCompile Include="..\..\elsa\xml_lexer.cc">
      <Filter>Source Files</Filter>
    </ClCompile>
    <ClCompile Include="..\..\elsa\xml_reader.cc">
      <Filter>Source Files</Filter>
    </ClCompile>
    <ClCompile Include="..\..\elsa\xml_type_reader.cc">
      <Filter>Source Files</Filter>
    </ClCompile>
    <ClCompile Include="..\..\elsa\xml_type_writer.cc">
      <Filter>Source Files</Filter>
    </ClCompile>
    <ClCompile Include="..\..\elsa\xml_writer.cc">
      <Filter>Source Files</Filter>
    </ClCompile>
    <ClCompile Include="lexer.yy.cc">
      <Filter>Source Files</Filter>
    </ClCompile>
    <ClCompile Include="cc.ast.gen.cc">
      <Filter>Source Files</Filter>
    </ClCompile>
    <ClCompile Include="cc_tokens.cc">
      <Filter>Source Files</Filter>
    </ClCompile>
    <ClCompile Include="cc.gr.gen.cc">
      <Filter>Source Files</Filter>
    </ClCompile>
  </ItemGroup>
  <ItemGroup>
    <CustomBuild Include="..\..\elsa\cc.ast">
      <Filter>Generated Files</Filter>
    </CustomBuild>
    <CustomBuild Include="..\..\elsa\cc.gr">
      <Filter>Generated Files</Filter>
    </CustomBuild>
    <CustomBuild Include="..\..\elsa\cc.lex">
      <Filter>Generated Files</Filter>
    </CustomBuild>
    <CustomBuild Include="lexer.lex">
      <Filter>Generated Files</Filter>
    </CustomBuild>
    <CustomBuild Include="..\..\elsa\cc_tokens.tok">
      <Filter>Generated Files</Filter>
    </CustomBuild>
  </ItemGroup>
</Project>