<?xml version="1.0" encoding="utf-8"?>
<Project ToolsVersion="4.0" xmlns="http://schemas.microsoft.com/developer/msbuild/2003">
  <ItemGroup>
    <Filter Include="Source Files">
      <UniqueIdentifier>{4FC737F1-C7A5-4376-A066-2A32D752A2FF}</UniqueIdentifier>
      <Extensions>cpp;c;cc;cxx;def;odl;idl;hpj;bat;asm;asmx</Extensions>
    </Filter>
    <Filter Include="Header Files">
      <UniqueIdentifier>{93995380-89BD-4b04-88EB-625FBE52EBFB}</UniqueIdentifier>
      <Extensions>h;hpp;hxx;hm;inl;inc;xsd</Extensions>
    </Filter>
    <Filter Include="Resource Files">
      <UniqueIdentifier>{67DA6AB6-F800-4c08-8B7A-83BB121AAD01}</UniqueIdentifier>
      <Extensions>rc;ico;cur;bmp;dlg;rc2;rct;bin;rgs;gif;jpg;jpeg;jpe;resx;tiff;tif;png;wav;mfcribbon-ms</Extensions>
    </Filter>
    <Filter Include="Generation Files">
      <UniqueIdentifier>{5dadcb45-7364-4ddd-81c3-12d8dd2228b8}</UniqueIdentifier>
    </Filter>
  </ItemGroup>
  <ItemGroup>
    <ClCompile Include="..\..\elkhound\asockind.cc">
      <Filter>Source Files</Filter>
    </ClCompile>
    <ClCompile Include="..\..\elkhound\cyctimer.cc">
      <Filter>Source Files</Filter>
    </ClCompile>
    <ClCompile Include="..\..\elkhound\emitcode.cc">
      <Filter>Source Files</Filter>
    </ClCompile>
    <ClCompile Include="..\..\elkhound\genml.cc">
      <Filter>Source Files</Filter>
    </ClCompile>
    <ClCompile Include="..\..\elkhound\glr.cc">
      <Filter>Source Files</Filter>
    </ClCompile>
    <ClCompile Include="..\..\elkhound\glrmain.cc">
      <Filter>Source Files</Filter>
    </ClCompile>
    <ClCompile Include="..\..\elkhound\gramanl.cc">
      <Filter>Source Files</Filter>
    </ClCompile>
    <ClCompile Include="..\..\elkhound\gramast.cc">
      <Filter>Source Files</Filter>
    </ClCompile>
    <ClCompile Include="..\..\elkhound\gramexpl.cc">
      <Filter>Source Files</Filter>
    </ClCompile>
    <ClCompile Include="..\..\elkhound\grammar.cc">
      <Filter>Source Files</Filter>
    </ClCompile>
    <ClCompile Include="..\..\elkhound\grampar.cc">
      <Filter>Source Files</Filter>
    </ClCompile>
    <ClCompile Include="..\..\elkhound\mlsstr.cc">
      <Filter>Source Files</Filter>
    </ClCompile>
    <ClCompile Include="..\..\elkhound\parsetables.cc">
      <Filter>Source Files</Filter>
    </ClCompile>
    <ClCompile Include="..\..\elkhound\parsstub.cc">
      <Filter>Source Files</Filter>
    </ClCompile>
    <ClCompile Include="..\..\elkhound\ptreeact.cc">
      <Filter>Source Files</Filter>
    </ClCompile>
    <ClCompile Include="..\..\elkhound\ptreenode.cc">
      <Filter>Source Files</Filter>
    </ClCompile>
    <ClCompile Include="..\..\elkhound\ssxmain.cc">
      <Filter>Source Files</Filter>
    </ClCompile>
    <ClCompile Include="..\..\elkhound\trcptr.cc">
      <Filter>Source Files</Filter>
    </ClCompile>
    <ClCompile Include="..\..\elkhound\trivbison.cc">
      <Filter>Source Files</Filter>
    </ClCompile>
    <ClCompile Include="..\..\elkhound\trivlex.cc">
      <Filter>Source Files</Filter>
    </ClCompile>
    <ClCompile Include="..\..\elkhound\trivmain.cc">
      <Filter>Source Files</Filter>
    </ClCompile>
    <ClCompile Include="..\..\elkhound\useract.cc">
      <Filter>Source Files</Filter>
    </ClCompile>
    <ClCompile Include="gramast.ast.gen.cc">
      <Filter>Source Files</Filter>
    </ClCompile>
    <ClCompile Include="grampar.tab.cc">
      <Filter>Source Files</Filter>
    </ClCompile>
    <ClCompile Include="gramlex.yy.cc">
      <Filter>Source Files</Filter>
    </ClCompile>
  </ItemGroup>
  <ItemGroup>
    <ClInclude Include="..\..\elkhound\asockind.h">
      <Filter>Header Files</Filter>
    </ClInclude>
    <ClInclude Include="..\..\elkhound\cyctimer.h">
      <Filter>Header Files</Filter>
    </ClInclude>
    <ClInclude Include="..\..\elkhound\emitcode.h">
      <Filter>Header Files</Filter>
    </ClInclude>
    <ClInclude Include="..\..\elkhound\flatutil.h">
      <Filter>Header Files</Filter>
    </ClInclude>
    <ClInclude Include="..\..\elkhound\genml.h">
      <Filter>Header Files</Filter>
    </ClInclude>
    <ClInclude Include="..\..\elkhound\glr.h">
      <Filter>Header Files</Filter>
    </ClInclude>
    <ClInclude Include="..\..\elkhound\glrconfig.h">
      <Filter>Header Files</Filter>
    </ClInclude>
    <ClInclude Include="..\..\elkhound\gramanl.h">
      <Filter>Header Files</Filter>
    </ClInclude>
    <ClInclude Include="..\..\elkhound\gramast.h">
      <Filter>Header Files</Filter>
    </ClInclude>
    <ClInclude Include="..\..\elkhound\grammar.h">
      <Filter>Header Files</Filter>
    </ClInclude>
    <ClInclude Include="..\..\elkhound\grampar.h">
      <Filter>Header Files</Filter>
    </ClInclude>
    <ClInclude Include="..\..\elkhound\lexerint.h">
      <Filter>Header Files</Filter>
    </ClInclude>
    <ClInclude Include="..\..\elkhound\mlsstr.h">
      <Filter>Header Files</Filter>
    </ClInclude>
    <ClInclude Include="..\..\elkhound\ownerspec.h">
      <Filter>Header Files</Filter>
    </ClInclude>
    <ClInclude Include="..\..\elkhound\parsetables.h">
      <Filter>Header Files</Filter>
    </ClInclude>
    <ClInclude Include="..\..\elkhound\ptreeact.h">
      <Filter>Header Files</Filter>
    </ClInclude>
    <ClInclude Include="..\..\elkhound\ptreenode.h">
      <Filter>Header Files</Filter>
    </ClInclude>
    <ClInclude Include="..\..\elkhound\rcptr.h">
      <Filter>Header Files</Filter>
    </ClInclude>
    <ClInclude Include="..\..\elkhound\ssxnode.h">
      <Filter>Header Files</Filter>
    </ClInclude>
    <ClInclude Include="..\..\elkhound\trivbison.h">
      <Filter>Header Files</Filter>
    </ClInclude>
    <ClInclude Include="..\..\elkhound\trivlex.h">
      <Filter>Header Files</Filter>
    </ClInclude>
    <ClInclude Include="..\..\elkhound\useract.h">
      <Filter>Header Files</Filter>
    </ClInclude>
    <ClInclude Include="..\..\elkhound\util.h">
      <Filter>Header Files</Filter>
    </ClInclude>
    <ClInclude Include="gramast.ast.h">
      <Filter>Header Files</Filter>
    </ClInclude>
    <ClInclude Include="gramast.ast.gen.h">
      <Filter>Header Files</Filter>
    </ClInclude>
  </ItemGroup>
  <ItemGroup>
    <CustomBuild Include="..\..\elkhound\gramast.ast">
      <Filter>Generation Files</Filter>
    </CustomBuild>
    <CustomBuild Include="..\..\elkhound\gramlex.lex">
      <Filter>Generation Files</Filter>
    </CustomBuild>
    <CustomBuild Include="..\..\elkhound\grampar.y">
      <Filter>Generation Files</Filter>
    </CustomBuild>
  </ItemGroup>
</Project>