<?xml version="1.0" encoding="utf-8"?>
<Project ToolsVersion="4.0" xmlns="http://schemas.microsoft.com/developer/msbuild/2003">
  <ItemGroup>
    <Filter Include="Source Files">
      <UniqueIdentifier>{4FC737F1-C7A5-4376-A066-2A32D752A2FF}</UniqueIdentifier>
      <Extensions>cpp;c;cc;cxx;def;odl;idl;hpj;bat;asm;asmx</Extensions>
    </Filter>
    <Filter Include="Header Files">
      <UniqueIdentifier>{93995380-89BD-4b04-88EB-625FBE52EBFB}</UniqueIdentifier>
      <Extensions>h;hpp;hxx;hm;inl;inc;xsd</Extensions>
    </Filter>
    <Filter Include="Resource Files">
      <UniqueIdentifier>{67DA6AB6-F800-4c08-8B7A-83BB121AAD01}</UniqueIdentifier>
      <Extensions>rc;ico;cur;bmp;dlg;rc2;rct;bin;rgs;gif;jpg;jpeg;jpe;resx;tiff;tif;png;wav;mfcribbon-ms</Extensions>
    </Filter>
  </ItemGroup>
  <ItemGroup>
    <ClCompile Include="..\..\elkhound\gramanl.cc">
      <Filter>Source Files</Filter>
    </ClCompile>
  </ItemGroup>
  <ItemGroup>
    <ClInclude Include="..\..\elkhound\asockind.h">
      <Filter>Header Files</Filter>
    </ClInclude>
    <ClInclude Include="..\..\elkhound\cyctimer.h">
      <Filter>Header Files</Filter>
    </ClInclude>
    <ClInclude Include="..\..\elkhound\emitcode.h">
      <Filter>Header Files</Filter>
    </ClInclude>
    <ClInclude Include="..\..\elkhound\flatutil.h">
      <Filter>Header Files</Filter>
    </ClInclude>
    <ClInclude Include="..\..\elkhound\genml.h">
      <Filter>Header Files</Filter>
    </ClInclude>
    <ClInclude Include="..\..\elkhound\glr.h">
      <Filter>Header Files</Filter>
    </ClInclude>
    <ClInclude Include="..\..\elkhound\glrconfig.h">
      <Filter>Header Files</Filter>
    </ClInclude>
    <ClInclude Include="..\..\elkhound\gramanl.h">
      <Filter>Header Files</Filter>
    </ClInclude>
    <ClInclude Include="..\..\elkhound\gramast.h">
      <Filter>Header Files</Filter>
    </ClInclude>
    <ClInclude Include="..\..\elkhound\grammar.h">
      <Filter>Header Files</Filter>
    </ClInclude>
    <ClInclude Include="..\..\elkhound\grampar.h">
      <Filter>Header Files</Filter>
    </ClInclude>
    <ClInclude Include="..\..\elkhound\lexerint.h">
      <Filter>Header Files</Filter>
    </ClInclude>
    <ClInclude Include="..\..\elkhound\mlsstr.h">
      <Filter>Header Files</Filter>
    </ClInclude>
    <ClInclude Include="..\..\elkhound\ownerspec.h">
      <Filter>Header Files</Filter>
    </ClInclude>
    <ClInclude Include="..\..\elkhound\parsetables.h">
      <Filter>Header Files</Filter>
    </ClInclude>
    <ClInclude Include="..\..\elkhound\ptreeact.h">
      <Filter>Header Files</Filter>
    </ClInclude>
    <ClInclude Include="..\..\elkhound\ptreenode.h">
      <Filter>Header Files</Filter>
    </ClInclude>
    <ClInclude Include="..\..\elkhound\rcptr.h">
      <Filter>Header Files</Filter>
    </ClInclude>
    <ClInclude Include="..\..\elkhound\ssxnode.h">
      <Filter>Header Files</Filter>
    </ClInclude>
    <ClInclude Include="..\..\elkhound\trivbison.h">
      <Filter>Header Files</Filter>
    </ClInclude>
    <ClInclude Include="..\..\elkhound\trivlex.h">
      <Filter>Header Files</Filter>
    </ClInclude>
    <ClInclude Include="..\..\elkhound\useract.h">
      <Filter>Header Files</Filter>
    </ClInclude>
    <ClInclude Include="..\..\elkhound\util.h">
      <Filter>Header Files</Filter>
    </ClInclude>
    <ClInclude Include="gramast.ast.h">
      <Filter>Header Files</Filter>
    </ClInclude>
    <ClInclude Include="gramast.ast.gen.h">
      <Filter>Header Files</Filter>
    </ClInclude>
  </ItemGroup>
</Project>