<?xml version="1.0" encoding="utf-8"?>
<Project ToolsVersion="4.0" xmlns="http://schemas.microsoft.com/developer/msbuild/2003">
  <ItemGroup>
    <Filter Include="Source Files">
      <UniqueIdentifier>{4FC737F1-C7A5-4376-A066-2A32D752A2FF}</UniqueIdentifier>
      <Extensions>cpp;c;cc;cxx;def;odl;idl;hpj;bat;asm;asmx</Extensions>
    </Filter>
    <Filter Include="Header Files">
      <UniqueIdentifier>{93995380-89BD-4b04-88EB-625FBE52EBFB}</UniqueIdentifier>
      <Extensions>h;hpp;hxx;hm;inl;inc;xsd</Extensions>
    </Filter>
    <Filter Include="Resource Files">
      <UniqueIdentifier>{67DA6AB6-F800-4c08-8B7A-83BB121AAD01}</UniqueIdentifier>
      <Extensions>rc;ico;cur;bmp;dlg;rc2;rct;bin;rgs;gif;jpg;jpeg;jpe;resx;tiff;tif;png;wav;mfcribbon-ms</Extensions>
    </Filter>
  </ItemGroup>
  <ItemGroup>
    <None Include="ReadMe.txt" />
    <None Include="..\..\smbase\index.html">
      <Filter>Header Files</Filter>
    </None>
    <None Include="..\..\smbase\trace.html">
      <Filter>Header Files</Filter>
    </None>
  </ItemGroup>
  <ItemGroup>
    <ClInclude Include="..\..\smbase\array.h">
      <Filter>Header Files</Filter>
    </ClInclude>
    <ClInclude Include="..\..\smbase\arraymap.h">
      <Filter>Header Files</Filter>
    </ClInclude>
    <ClInclude Include="..\..\smbase\arrayqueue.h">
      <Filter>Header Files</Filter>
    </ClInclude>
    <ClInclude Include="..\..\smbase\astlist.h">
      <Filter>Header Files</Filter>
    </ClInclude>
    <ClInclude Include="..\..\smbase\autofile.h">
      <Filter>Header Files</Filter>
    </ClInclude>
    <ClInclude Include="..\..\smbase\bflatten.h">
      <Filter>Header Files</Filter>
    </ClInclude>
    <ClInclude Include="..\..\smbase\bit2d.h">
      <Filter>Header Files</Filter>
    </ClInclude>
    <ClInclude Include="..\..\smbase\bitarray.h">
      <Filter>Header Files</Filter>
    </ClInclude>
    <ClInclude Include="..\..\smbase\bitwise_array.h">
      <Filter>Header Files</Filter>
    </ClInclude>
    <ClInclude Include="..\..\smbase\boxprint.h">
      <Filter>Header Files</Filter>
    </ClInclude>
    <ClInclude Include="..\..\smbase\breaker.h">
      <Filter>Header Files</Filter>
    </ClInclude>
    <ClInclude Include="..\..\smbase\ckheap.h">
      <Filter>Header Files</Filter>
    </ClInclude>
    <ClInclude Include="..\..\smbase\crc.h">
      <Filter>Header Files</Filter>
    </ClInclude>
    <ClInclude Include="..\..\smbase\cycles.h">
      <Filter>Header Files</Filter>
    </ClInclude>
    <ClInclude Include="..\..\smbase\d2vector.h">
      <Filter>Header Files</Filter>
    </ClInclude>
    <ClInclude Include="..\..\smbase\datablok.h">
      <Filter>Header Files</Filter>
    </ClInclude>
    <ClInclude Include="..\..\smbase\exc.h">
      <Filter>Header Files</Filter>
    </ClInclude>
    <ClInclude Include="..\..\smbase\flatten.h">
      <Filter>Header Files</Filter>
    </ClInclude>
    <ClInclude Include="..\..\smbase\flatutil.h">
      <Filter>Header Files</Filter>
    </ClInclude>
    <ClInclude Include="..\..\smbase\flexlexer.h">
      <Filter>Header Files</Filter>
    </ClInclude>
    <ClInclude Include="..\..\smbase\gprintf.h">
      <Filter>Header Files</Filter>
    </ClInclude>
    <ClInclude Include="..\..\smbase\growbuf.h">
      <Filter>Header Files</Filter>
    </ClInclude>
    <ClInclude Include="..\..\smbase\hashline.h">
      <Filter>Header Files</Filter>
    </ClInclude>
    <ClInclude Include="..\..\smbase\hashtbl.h">
      <Filter>Header Files</Filter>
    </ClInclude>
    <ClInclude Include="..\..\smbase\macros.h">
      <Filter>Header Files</Filter>
    </ClInclude>
    <ClInclude Include="..\..\smbase\missing.h">
      <Filter>Header Files</Filter>
    </ClInclude>
    <ClInclude Include="..\..\smbase\mypopen.h">
      <Filter>Header Files</Filter>
    </ClInclude>
    <ClInclude Include="..\..\smbase\mysig.h">
      <Filter>Header Files</Filter>
    </ClInclude>
    <ClInclude Include="..\..\smbase\nonport.h">
      <Filter>Header Files</Filter>
    </ClInclude>
    <ClInclude Include="..\..\smbase\objlist.h">
      <Filter>Header Files</Filter>
    </ClInclude>
    <ClInclude Include="..\..\smbase\objmap.h">
      <Filter>Header Files</Filter>
    </ClInclude>
    <ClInclude Include="..\..\smbase\objpool.h">
      <Filter>Header Files</Filter>
    </ClInclude>
    <ClInclude Include="..\..\smbase\objstack.h">
      <Filter>Header Files</Filter>
    </ClInclude>
    <ClInclude Include="..\..\smbase\ofstreamts.h">
      <Filter>Header Files</Filter>
    </ClInclude>
    <ClInclude Include="..\..\smbase\ohashtbl.h">
      <Filter>Header Files</Filter>
    </ClInclude>
    <ClInclude Include="..\..\smbase\okhasharr.h">
      <Filter>Header Files</Filter>
    </ClInclude>
    <ClInclude Include="..\..\smbase\okhashtbl.h">
      <Filter>Header Files</Filter>
    </ClInclude>
    <ClInclude Include="..\..\smbase\oobjmap.h">
      <Filter>Header Files</Filter>
    </ClInclude>
    <ClInclude Include="..\..\smbase\owner.h">
      <Filter>Header Files</Filter>
    </ClInclude>
    <ClInclude Include="..\..\smbase\pair.h">
      <Filter>Header Files</Filter>
    </ClInclude>
    <ClInclude Include="..\..\smbase\point.h">
      <Filter>Header Files</Filter>
    </ClInclude>
    <ClInclude Include="..\..\smbase\pprint.h">
      <Filter>Header Files</Filter>
    </ClInclude>
    <ClInclude Include="..\..\smbase\ptrintmap.h">
      <Filter>Header Files</Filter>
    </ClInclude>
    <ClInclude Include="..\..\smbase\ptrmap.h">
      <Filter>Header Files</Filter>
    </ClInclude>
    <ClInclude Include="..\..\smbase\sm_flexlexer.h">
      <Filter>Header Files</Filter>
    </ClInclude>
    <ClInclude Include="..\..\smbase\sm_strstream.h">
      <Filter>Header Files</Filter>
    </ClInclude>
    <ClInclude Include="..\..\smbase\smregexp.h">
      <Filter>Header Files</Filter>
    </ClInclude>
    <ClInclude Include="..\..\smbase\sobjlist.h">
      <Filter>Header Files</Filter>
    </ClInclude>
    <ClInclude Include="..\..\smbase\sobjset.h">
      <Filter>Header Files</Filter>
    </ClInclude>
    <ClInclude Include="..\..\smbase\sobjstack.h">
      <Filter>Header Files</Filter>
    </ClInclude>
    <ClInclude Include="..\..\smbase\srcloc.h">
      <Filter>Header Files</Filter>
    </ClInclude>
    <ClInclude Include="..\..\smbase\str.h">
      <Filter>Header Files</Filter>
    </ClInclude>
    <ClInclude Include="..\..\smbase\strdict.h">
      <Filter>Header Files</Filter>
    </ClInclude>
    <ClInclude Include="..\..\smbase\strhash.h">
      <Filter>Header Files</Filter>
    </ClInclude>
    <ClInclude Include="..\..\smbase\stringset.h">
      <Filter>Header Files</Filter>
    </ClInclude>
    <ClInclude Include="..\..\smbase\strintdict.h">
      <Filter>Header Files</Filter>
    </ClInclude>
    <ClInclude Include="..\..\smbase\strobjdict.h">
      <Filter>Header Files</Filter>
    </ClInclude>
    <ClInclude Include="..\..\smbase\strsobjdict.h">
      <Filter>Header Files</Filter>
    </ClInclude>
    <ClInclude Include="..\..\smbase\strtable.h">
      <Filter>Header Files</Filter>
    </ClInclude>
    <ClInclude Include="..\..\smbase\strtokp.h">
      <Filter>Header Files</Filter>
    </ClInclude>
    <ClInclude Include="..\..\smbase\strtokpc.h">
      <Filter>Header Files</Filter>
    </ClInclude>
    <ClInclude Include="..\..\smbase\strutil.h">
      <Filter>Header Files</Filter>
    </ClInclude>
    <ClInclude Include="..\..\smbase\svdict.h">
      <Filter>Header Files</Filter>
    </ClInclude>
    <ClInclude Include="..\..\smbase\syserr.h">
      <Filter>Header Files</Filter>
    </ClInclude>
    <ClInclude Include="..\..\smbase\taillist.h">
      <Filter>Header Files</Filter>
    </ClInclude>
    <ClInclude Include="..\..\smbase\test.h">
      <Filter>Header Files</Filter>
    </ClInclude>
    <ClInclude Include="..\..\smbase\thashtbl.h">
      <Filter>Header Files</Filter>
    </ClInclude>
    <ClInclude Include="..\..\smbase\trace.h">
      <Filter>Header Files</Filter>
    </ClInclude>
    <ClInclude Include="..\..\smbase\trdelete.h">
      <Filter>Header Files</Filter>
    </ClInclude>
    <ClInclude Include="..\..\smbase\typ.h">
      <Filter>Header Files</Filter>
    </ClInclude>
    <ClInclude Include="..\..\smbase\unixutil.h">
      <Filter>Header Files</Filter>
    </ClInclude>
    <ClInclude Include="..\..\smbase\vdtllist.h">
      <Filter>Header Files</Filter>
    </ClInclude>
    <ClInclude Include="..\..\smbase\voidlist.h">
      <Filter>Header Files</Filter>
    </ClInclude>
    <ClInclude Include="..\..\smbase\vptrmap.h">
      <Filter>Header Files</Filter>
    </ClInclude>
    <ClInclude Include="..\..\smbase\warn.h">
      <Filter>Header Files</Filter>
    </ClInclude>
    <ClInclude Include="..\..\smbase\xassert.h">
      <Filter>Header Files</Filter>
    </ClInclude>
    <ClInclude Include="..\..\smbase\xobjlist.h">
      <Filter>Header Files</Filter>
    </ClInclude>
    <ClInclude Include="..\..\smbase\xstrobjdict.h">
      <Filter>Header Files</Filter>
    </ClInclude>
  </ItemGroup>
  <ItemGroup>
    <ClCompile Include="..\..\smbase\breaker.cpp">
      <Filter>Source Files</Filter>
    </ClCompile>
    <ClCompile Include="..\..\smbase\crc.cpp">
      <Filter>Source Files</Filter>
    </ClCompile>
    <ClCompile Include="..\..\smbase\datablok.cpp">
      <Filter>Source Files</Filter>
    </ClCompile>
    <ClCompile Include="..\..\smbase\exc.cpp">
      <Filter>Source Files</Filter>
    </ClCompile>
    <ClCompile Include="..\..\smbase\missing.cpp">
      <Filter>Source Files</Filter>
    </ClCompile>
    <ClCompile Include="..\..\smbase\nonport.cpp">
      <Filter>Source Files</Filter>
    </ClCompile>
    <ClCompile Include="..\..\smbase\str.cpp">
      <Filter>Source Files</Filter>
    </ClCompile>
    <ClCompile Include="..\..\smbase\strtokp.cpp">
      <Filter>Source Files</Filter>
    </ClCompile>
    <ClCompile Include="..\..\smbase\syserr.cpp">
      <Filter>Source Files</Filter>
    </ClCompile>
    <ClCompile Include="..\..\smbase\warn.cpp">
      <Filter>Source Files</Filter>
    </ClCompile>
    <ClCompile Include="..\..\smbase\autofile.cc">
      <Filter>Source Files</Filter>
    </ClCompile>
    <ClCompile Include="..\..\smbase\bflatten.cc">
      <Filter>Source Files</Filter>
    </ClCompile>
    <ClCompile Include="..\..\smbase\bit2d.cc">
      <Filter>Source Files</Filter>
    </ClCompile>
    <ClCompile Include="..\..\smbase\bitarray.cc">
      <Filter>Source Files</Filter>
    </ClCompile>
    <ClCompile Include="..\..\smbase\boxprint.cc">
      <Filter>Source Files</Filter>
    </ClCompile>
    <ClCompile Include="..\..\smbase\flatten.cc">
      <Filter>Source Files</Filter>
    </ClCompile>
    <ClCompile Include="..\..\smbase\growbuf.cc">
      <Filter>Source Files</Filter>
    </ClCompile>
    <ClCompile Include="..\..\smbase\hashline.cc">
      <Filter>Source Files</Filter>
    </ClCompile>
    <ClCompile Include="..\..\smbase\hashtbl.cc">
      <Filter>Source Files</Filter>
    </ClCompile>
    <ClCompile Include="..\..\smbase\mysig.cc">
      <Filter>Source Files</Filter>
    </ClCompile>
    <ClCompile Include="..\..\smbase\ofstreamts.cc">
      <Filter>Source Files</Filter>
    </ClCompile>
    <ClCompile Include="..\..\smbase\point.cc">
      <Filter>Source Files</Filter>
    </ClCompile>
    <ClCompile Include="..\..\smbase\pprint.cc">
      <Filter>Source Files</Filter>
    </ClCompile>
    <ClCompile Include="..\..\smbase\smregexp.cc">
      <Filter>Source Files</Filter>
    </ClCompile>
    <ClCompile Include="..\..\smbase\srcloc.cc">
      <Filter>Source Files</Filter>
    </ClCompile>
    <ClCompile Include="..\..\smbase\srcloc.test.cc">
      <Filter>Source Files</Filter>
    </ClCompile>
    <ClCompile Include="..\..\smbase\srcloc.test2.cc">
      <Filter>Source Files</Filter>
    </ClCompile>
    <ClCompile Include="..\..\smbase\strdict.cc">
      <Filter>Source Files</Filter>
    </ClCompile>
    <ClCompile Include="..\..\smbase\strhash.cc">
      <Filter>Source Files</Filter>
    </ClCompile>
    <ClCompile Include="..\..\smbase\stringset.cc">
      <Filter>Source Files</Filter>
    </ClCompile>
    <ClCompile Include="..\..\smbase\strtable.cc">
      <Filter>Source Files</Filter>
    </ClCompile>
    <ClCompile Include="..\..\smbase\strutil.cc">
      <Filter>Source Files</Filter>
    </ClCompile>
    <ClCompile Include="..\..\smbase\svdict.cc">
      <Filter>Source Files</Filter>
    </ClCompile>
    <ClCompile Include="..\..\smbase\taillist_test.cc">
      <Filter>Source Files</Filter>
    </ClCompile>
    <ClCompile Include="..\..\smbase\tarrayqueue.cc">
      <Filter>Source Files</Filter>
    </ClCompile>
    <ClCompile Include="..\..\smbase\testarray.cc">
      <Filter>Source Files</Filter>
    </ClCompile>
    <ClCompile Include="..\..\smbase\testcout.cc">
      <Filter>Source Files</Filter>
    </ClCompile>
    <ClCompile Include="..\..\smbase\testmalloc.cc">
      <Filter>Source Files</Filter>
    </ClCompile>
    <ClCompile Include="..\..\smbase\tobjlist.cc">
      <Filter>Source Files</Filter>
    </ClCompile>
    <ClCompile Include="..\..\smbase\tobjpool.cc">
      <Filter>Source Files</Filter>
    </ClCompile>
    <ClCompile Include="..\..\smbase\trace.cc">
      <Filter>Source Files</Filter>
    </ClCompile>
    <ClCompile Include="..\..\smbase\trdelete.cc">
      <Filter>Source Files</Filter>
    </ClCompile>
    <ClCompile Include="..\..\smbase\tsobjlist.cc">
      <Filter>Source Files</Filter>
    </ClCompile>
    <ClCompile Include="..\..\smbase\vdtllist.cc">
      <Filter>Source Files</Filter>
    </ClCompile>
    <ClCompile Include="..\..\smbase\voidlist.cc">
      <Filter>Source Files</Filter>
    </ClCompile>
    <ClCompile Include="..\..\smbase\vptrmap.cc">
      <Filter>Source Files</Filter>
    </ClCompile>
    <ClCompile Include="..\..\smbase\gprintf.c">
      <Filter>Source Files</Filter>
    </ClCompile>
  </ItemGroup>
</Project>